
Microsoft Visual Studio Solution File, Format Version 12.00
# Visual Studio Version 17
VisualStudioVersion = 17.7.34031.279
MinimumVisualStudioVersion = 10.0.40219.1
Project("{8BC9CEB8-8B4A-11D0-8D11-00A0C91BC942}") = "LR1", "LR1\LR1.vcxproj", "{E653524D-7D61-4D8D-8E68-85694DC85D3C}"
EndProject
Project("{8BC9CEB8-8B4A-11D0-8D11-00A0C91BC942}") = "LR2", "LR2\LR2.vcxproj", "{9419CE6E-54DD-4CB0-9B46-443BB19B8A68}"
EndProject
Project("{8BC9CEB8-8B4A-11D0-8D11-00A0C91BC942}") = "LR3", "LR3\LR3.vcxproj", "{76CA0446-CED8-4370-B6C4-82DB46751DFE}"
EndProject
Project("{8BC9CEB8-8B4A-11D0-8D11-00A0C91BC942}") = "LR4", "LR4\LR4.vcxproj", "{6C8806BE-7084-4C2F-8C1D-AC544E856831}"
EndProject
Project("{8BC9CEB8-8B4A-11D0-8D11-00A0C91BC942}") = "LR2-TEST", "LR2-TEST\LR2-TEST.vcxproj", "{A34C7BB4-0AF6-4894-B8DA-998DADEAB1B5}"
EndProject
Project("{8BC9CEB8-8B4A-11D0-8D11-00A0C91BC942}") = "LR3-TEST", "LR3-TEST\LR3-TEST.vcxproj", "{33540BAE-E28B-4611-AF8A-39E352CF2161}"
EndProject
Global
	GlobalSection(SolutionConfigurationPlatforms) = preSolution
		Debug|x64 = Debug|x64
		Debug|x86 = Debug|x86
		Release|x64 = Release|x64
		Release|x86 = Release|x86
	EndGlobalSection
	GlobalSection(ProjectConfigurationPlatforms) = postSolution
		{E653524D-7D61-4D8D-8E68-85694DC85D3C}.Debug|x64.ActiveCfg = Debug|x64
		{E653524D-7D61-4D8D-8E68-85694DC85D3C}.Debug|x64.Build.0 = Debug|x64
		{E653524D-7D61-4D8D-8E68-85694DC85D3C}.Debug|x86.ActiveCfg = Debug|Win32
		{E653524D-7D61-4D8D-8E68-85694DC85D3C}.Debug|x86.Build.0 = Debug|Win32
		{E653524D-7D61-4D8D-8E68-85694DC85D3C}.Release|x64.ActiveCfg = Release|x64
		{E653524D-7D61-4D8D-8E68-85694DC85D3C}.Release|x64.Build.0 = Release|x64
		{E653524D-7D61-4D8D-8E68-85694DC85D3C}.Release|x86.ActiveCfg = Release|Win32
		{E653524D-7D61-4D8D-8E68-85694DC85D3C}.Release|x86.Build.0 = Release|Win32
		{9419CE6E-54DD-4CB0-9B46-443BB19B8A68}.Debug|x64.ActiveCfg = Debug|x64
		{9419CE6E-54DD-4CB0-9B46-443BB19B8A68}.Debug|x64.Build.0 = Debug|x64
		{9419CE6E-54DD-4CB0-9B46-443BB19B8A68}.Debug|x86.ActiveCfg = Debug|Win32
		{9419CE6E-54DD-4CB0-9B46-443BB19B8A68}.Debug|x86.Build.0 = Debug|Win32
		{9419CE6E-54DD-4CB0-9B46-443BB19B8A68}.Release|x64.ActiveCfg = Release|x64
		{9419CE6E-54DD-4CB0-9B46-443BB19B8A68}.Release|x64.Build.0 = Release|x64
		{9419CE6E-54DD-4CB0-9B46-443BB19B8A68}.Release|x86.ActiveCfg = Release|Win32
		{9419CE6E-54DD-4CB0-9B46-443BB19B8A68}.Release|x86.Build.0 = Release|Win32
		{76CA0446-CED8-4370-B6C4-82DB46751DFE}.Debug|x64.ActiveCfg = Debug|x64
		{76CA0446-CED8-4370-B6C4-82DB46751DFE}.Debug|x64.Build.0 = Debug|x64
		{76CA0446-CED8-4370-B6C4-82DB46751DFE}.Debug|x86.ActiveCfg = Debug|Win32
		{76CA0446-CED8-4370-B6C4-82DB46751DFE}.Debug|x86.Build.0 = Debug|Win32
		{76CA0446-CED8-4370-B6C4-82DB46751DFE}.Release|x64.ActiveCfg = Release|x64
		{76CA0446-CED8-4370-B6C4-82DB46751DFE}.Release|x64.Build.0 = Release|x64
		{76CA0446-CED8-4370-B6C4-82DB46751DFE}.Release|x86.ActiveCfg = Release|Win32
		{76CA0446-CED8-4370-B6C4-82DB46751DFE}.Release|x86.Build.0 = Release|Win32
		{6C8806BE-7084-4C2F-8C1D-AC544E856831}.Debug|x64.ActiveCfg = Debug|x64
		{6C8806BE-7084-4C2F-8C1D-AC544E856831}.Debug|x64.Build.0 = Debug|x64
		{6C8806BE-7084-4C2F-8C1D-AC544E856831}.Debug|x86.ActiveCfg = Debug|Win32
		{6C8806BE-7084-4C2F-8C1D-AC544E856831}.Debug|x86.Build.0 = Debug|Win32
		{6C8806BE-7084-4C2F-8C1D-AC544E856831}.Release|x64.ActiveCfg = Release|x64
		{6C8806BE-7084-4C2F-8C1D-AC544E856831}.Release|x64.Build.0 = Release|x64
		{6C8806BE-7084-4C2F-8C1D-AC544E856831}.Release|x86.ActiveCfg = Release|Win32
		{6C8806BE-7084-4C2F-8C1D-AC544E856831}.Release|x86.Build.0 = Release|Win32
		{A34C7BB4-0AF6-4894-B8DA-998DADEAB1B5}.Debug|x64.ActiveCfg = Debug|x64
		{A34C7BB4-0AF6-4894-B8DA-998DADEAB1B5}.Debug|x64.Build.0 = Debug|x64
		{A34C7BB4-0AF6-4894-B8DA-998DADEAB1B5}.Debug|x86.ActiveCfg = Debug|Win32
		{A34C7BB4-0AF6-4894-B8DA-998DADEAB1B5}.Debug|x86.Build.0 = Debug|Win32
		{A34C7BB4-0AF6-4894-B8DA-998DADEAB1B5}.Release|x64.ActiveCfg = Release|x64
		{A34C7BB4-0AF6-4894-B8DA-998DADEAB1B5}.Release|x64.Build.0 = Release|x64
		{A34C7BB4-0AF6-4894-B8DA-998DADEAB1B5}.Release|x86.ActiveCfg = Release|Win32
		{A34C7BB4-0AF6-4894-B8DA-998DADEAB1B5}.Release|x86.Build.0 = Release|Win32
		{33540BAE-E28B-4611-AF8A-39E352CF2161}.Debug|x64.ActiveCfg = Debug|x64
		{33540BAE-E28B-4611-AF8A-39E352CF2161}.Debug|x64.Build.0 = Debug|x64
		{33540BAE-E28B-4611-AF8A-39E352CF2161}.Debug|x86.ActiveCfg = Debug|Win32
		{33540BAE-E28B-4611-AF8A-39E352CF2161}.Debug|x86.Build.0 = Debug|Win32
		{33540BAE-E28B-4611-AF8A-39E352CF2161}.Release|x64.ActiveCfg = Release|x64
		{33540BAE-E28B-4611-AF8A-39E352CF2161}.Release|x64.Build.0 = Release|x64
		{33540BAE-E28B-4611-AF8A-39E352CF2161}.Release|x86.ActiveCfg = Release|Win32
		{33540BAE-E28B-4611-AF8A-39E352CF2161}.Release|x86.Build.0 = Release|Win32
	EndGlobalSection
	GlobalSection(SolutionProperties) = preSolution
		HideSolutionNode = FALSE
	EndGlobalSection
	GlobalSection(ExtensibilityGlobals) = postSolution
		SolutionGuid = {3B91A6A3-EB32-4712-8BD7-79C5EB3D0C3C}
	EndGlobalSection
EndGlobal
